{
  "requires": true,
  "lockfileVersion": 1,
  "dependencies": {
    "@sap-theming/theming-base-content": {
      "version": "11.1.19",
      "resolved": "https://registry.npmjs.org/@sap-theming/theming-base-content/-/theming-base-content-11.1.19.tgz",
      "integrity": "sha512-0RIoniX0XgQDMfMsySvNDeXVGtH3UQRQMkJYFIkaq/nrTGSyfXT9k+B4CbTf4546dyrlLM0YoaHIOtxmMsh1ZA==",
      "dev": true
    },
    "@ui5/webcomponents": {
      "version": "1.0.0-rc.12",
      "resolved": "https://registry.npmjs.org/@ui5/webcomponents/-/webcomponents-1.0.0-rc.12.tgz",
      "integrity": "sha512-z0rTvPpX3el2/k/NslvqUt/rGVWp+sMmlf15zRXrrGuZFXL5Lj4zE98bZT7VDbZDOh2yadDVX34AHhL92cB1XA==",
      "dev": true,
      "requires": {
        "@ui5/webcomponents-base": "0.30.0",
        "@ui5/webcomponents-icons": "1.0.0-rc.12",
        "@ui5/webcomponents-ie11": "0.30.0",
        "@ui5/webcomponents-localization": "0.30.0",
        "@ui5/webcomponents-theme-base": "1.0.0-rc.12"
      }
    },
    "@ui5/webcomponents-base": {
      "version": "0.30.0",
      "resolved": "https://registry.npmjs.org/@ui5/webcomponents-base/-/webcomponents-base-0.30.0.tgz",
      "integrity": "sha512-AdjECi2pXv4Rt2sKYxJe27XOS4+nRl+fC6/Pr+JsREVDe9RzUGq03n15OEeOAmjnTzBb7kKG7nuMXlcFAfy97A==",
      "dev": true,
      "requires": {
        "lit-html": "^1.0.0"
      }
    },
    "@ui5/webcomponents-icons": {
      "version": "1.0.0-rc.12",
      "resolved": "https://registry.npmjs.org/@ui5/webcomponents-icons/-/webcomponents-icons-1.0.0-rc.12.tgz",
      "integrity": "sha512-shEI37ZSmHbQ+8O3dgFcODmZAthWGe2v1cuz+vYo5Oesnxk0ltG9Mj2rZIbfTkxhx0Tmn77pGXld49mGlkyh+g==",
      "dev": true,
      "requires": {
        "@ui5/webcomponents-base": "0.30.0"
      }
    },
    "@ui5/webcomponents-ie11": {
      "version": "0.30.0",
      "resolved": "https://registry.npmjs.org/@ui5/webcomponents-ie11/-/webcomponents-ie11-0.30.0.tgz",
      "integrity": "sha512-CyhQi4POx1ndCXwdBrRE94t1e4oxaUB43LByNjogPuqzVRYziQCrraF7hQP7OffEIafVd+ZUg9asv0IfUv4HDw==",
      "dev": true,
      "requires": {
        "@ui5/webcomponents-base": "0.30.0",
        "css-vars-ponyfill": "^2.1.2",
        "regenerator-runtime": "0.12.1",
        "url-search-params-polyfill": "^5.0.0"
      }
    },
    "@ui5/webcomponents-localization": {
      "version": "0.30.0",
      "resolved": "https://registry.npmjs.org/@ui5/webcomponents-localization/-/webcomponents-localization-0.30.0.tgz",
      "integrity": "sha512-rJmDyPMTzxCBaP2IvK+/od9FUfpi+N2D86eiO0gUZlp1+qj+zc4iY86sKLyhOd61tlo0l6tU05xrFSoyBJ94AA==",
      "dev": true,
      "requires": {
        "@ui5/webcomponents-base": "0.30.0"
      }
    },
    "@ui5/webcomponents-theme-base": {
      "version": "1.0.0-rc.12",
      "resolved": "https://registry.npmjs.org/@ui5/webcomponents-theme-base/-/webcomponents-theme-base-1.0.0-rc.12.tgz",
      "integrity": "sha512-NudQhb2z8XBs9vxMuA13rI/KNeZJsyaeo0QMF9IagMMN55aGV+z915Sd6IpZmDeE7rBv7+YjBtfAp4cB5KO+og==",
      "dev": true,
      "requires": {
        "@sap-theming/theming-base-content": "11.1.19",
        "@ui5/webcomponents-base": "0.30.0"
      }
    },
    "css-vars-ponyfill": {
      "version": "2.4.3",
      "resolved": "https://registry.npmjs.org/css-vars-ponyfill/-/css-vars-ponyfill-2.4.3.tgz",
      "integrity": "sha512-PBfIwjSu27s8kebu8taEYFM8ehVr8o2Qw4H4nSlJzHAJgcduAqxz4oPmYTJuzgauOKaWII9SHWStQ965fxsdZA==",
      "dev": true
    },
    "esbuild": {
      "version": "0.8.48",
      "resolved": "https://registry.npmjs.org/esbuild/-/esbuild-0.8.48.tgz",
      "integrity": "sha512-lrH8lA8wWQ6Lpe1z6C7ZZaFSmRsUlcQAqe16nf7ITySQ7MV4+vI7qAqQlT/u+c3+9AL3VXmT4MXTxV2e63pO4A==",
      "dev": true
    },
    "fsevents": {
      "version": "2.3.2",
      "resolved": "https://registry.npmjs.org/fsevents/-/fsevents-2.3.2.tgz",
      "integrity": "sha512-xiqMQR4xAeHTuB9uWm+fFRcIOgKBMiOBP+eXiyT7jsgVCq1bkVygt00oASowB7EdtpOHaaPgKt812P9ab+DDKA==",
      "dev": true,
      "optional": true
    },
    "is-docker": {
      "version": "2.1.1",
      "resolved": "https://registry.npmjs.org/is-docker/-/is-docker-2.1.1.tgz",
      "integrity": "sha512-ZOoqiXfEwtGknTiuDEy8pN2CfE3TxMHprvNer1mXiqwkOT77Rw3YVrUQ52EqAOU3QAWDQ+bQdx7HJzrv7LS2Hw==",
      "dev": true
    },
    "is-wsl": {
      "version": "2.2.0",
      "resolved": "https://registry.npmjs.org/is-wsl/-/is-wsl-2.2.0.tgz",
      "integrity": "sha512-fKzAra0rGJUUBwGBgNkHZuToZcn+TtXHpeCgmkMJMMYx1sQDYaCSyjJBSCa2nH1DGm7s3n1oBnohoVTBaN7Lww==",
      "dev": true,
      "requires": {
        "is-docker": "^2.0.0"
      }
    },
    "lit-html": {
      "version": "1.3.0",
      "resolved": "https://registry.npmjs.org/lit-html/-/lit-html-1.3.0.tgz",
      "integrity": "sha512-0Q1bwmaFH9O14vycPHw8C/IeHMk/uSDldVLIefu/kfbTBGIc44KGH6A8p1bDfxUfHdc8q6Ct7kQklWoHgr4t1Q==",
      "dev": true
    },
    "open": {
      "version": "7.4.2",
      "resolved": "https://registry.npmjs.org/open/-/open-7.4.2.tgz",
      "integrity": "sha512-MVHddDVweXZF3awtlAS+6pgKLlm/JgxZ90+/NBurBoQctVOOB/zDdVjcyPzQ+0laDGbsWgrRkflI65sQeOgT9Q==",
      "dev": true,
      "requires": {
        "is-docker": "^2.0.0",
        "is-wsl": "^2.1.1"
      }
    },
    "regenerator-runtime": {
      "version": "0.12.1",
      "resolved": "https://registry.npmjs.org/regenerator-runtime/-/regenerator-runtime-0.12.1.tgz",
      "integrity": "sha512-odxIc1/vDlo4iZcfXqRYFj0vpXFNoGdKMAUieAlFYO6m/nl5e9KR/beGf41z4a1FI+aQgtjhuaSlDxQ0hmkrHg==",
      "dev": true
    },
    "rollup": {
      "version": "2.39.0",
      "resolved": "https://registry.npmjs.org/rollup/-/rollup-2.39.0.tgz",
      "integrity": "sha512-+WR3bttcq7zE+BntH09UxaW3bQo3vItuYeLsyk4dL2tuwbeSKJuvwiawyhEnvRdRgrII0Uzk00FpctHO/zB1kw==",
      "dev": true,
      "requires": {
        "fsevents": "~2.3.1"
      }
    },
    "snowpack": {
      "version": "3.0.11",
      "resolved": "https://registry.npmjs.org/snowpack/-/snowpack-3.0.11.tgz",
      "integrity": "sha512-lBxgkvWTgdg0szE31JUt01wQkA9Lnmm+6lxqeV9rxDfflpx7ASnldVHFvu7Se70QJmPTQB0UJjfKI+xmYGwiiQ==",
      "dev": true,
      "requires": {
        "esbuild": "^0.8.7",
        "fsevents": "^2.2.0",
        "open": "^7.0.4",
        "rollup": "^2.34.0"
      }
    },
    "url-search-params-polyfill": {
      "version": "5.1.0",
      "resolved": "https://registry.npmjs.org/url-search-params-polyfill/-/url-search-params-polyfill-5.1.0.tgz",
      "integrity": "sha512-yjFY7uw2xRf9e8Mg4ZVkZwtp8dMCC4cbBkEIZiTDpuSY2WJ9+Quw0wRhxncv32qaMQwmBQT+P847rO8PrFhhDA==",
      "dev": true
    }
  }
}
